
Microsoft Visual Studio Solution File, Format Version 12.00
# Visual Studio Version 17
VisualStudioVersion = 17.0.31912.275
MinimumVisualStudioVersion = 10.0.40219.1
Project("{FAE04EC0-301F-11D3-BF4B-00C04F79EFBC}") = "InterfaceAbstractDemo", "InterfaceAbstractDemo\InterfaceAbstractDemo.csproj", "{7DADCEE0-5FCA-49BE-B549-8F44E8821960}"
EndProject
Global
	GlobalSection(SolutionConfigurationPlatforms) = preSolution
		Debug|Any CPU = Debug|Any CPU
		Release|Any CPU = Release|Any CPU
	EndGlobalSection
	GlobalSection(ProjectConfigurationPlatforms) = postSolution
		{7DADCEE0-5FCA-49BE-B549-8F44E8821960}.Debug|Any CPU.ActiveCfg = Debug|Any CPU
		{7DADCEE0-5FCA-49BE-B549-8F44E8821960}.Debug|Any CPU.Build.0 = Debug|Any CPU
		{7DADCEE0-5FCA-49BE-B549-8F44E8821960}.Release|Any CPU.ActiveCfg = Release|Any CPU
		{7DADCEE0-5FCA-49BE-B549-8F44E8821960}.Release|Any CPU.Build.0 = Release|Any CPU
	EndGlobalSection
	GlobalSection(SolutionProperties) = preSolution
		HideSolutionNode = FALSE
	EndGlobalSection
	GlobalSection(ExtensibilityGlobals) = postSolution
		SolutionGuid = {48243B11-E9C3-4C56-B25B-B6D197D31837}
	EndGlobalSection
EndGlobal
